
Microsoft Visual Studio Solution File, Format Version 12.00
# Visual Studio 14
VisualStudioVersion = 14.0.25420.1
MinimumVisualStudioVersion = 10.0.40219.1
Project("{FAE04EC0-301F-11D3-BF4B-00C04F79EFBC}") = "WCF_RedLaboral", "WCF_RedLaboral\WCF_RedLaboral.csproj", "{3BCC7C3F-C1F7-4BE3-B102-380DB2094E25}"
EndProject
Project("{E24C65DC-7377-472B-9ABA-BC803B73C61A}") = "WEB_RedLaboral", "WEB_RedLaboral\", "{A786E903-01A6-4357-BF3E-8ADE1B31FD66}"
	ProjectSection(WebsiteProperties) = preProject
		TargetFrameworkMoniker = ".NETFramework,Version%3Dv4.5"
		Debug.AspNetCompiler.VirtualPath = "/localhost_55962"
		Debug.AspNetCompiler.PhysicalPath = "WEB_RedLaboral\"
		Debug.AspNetCompiler.TargetPath = "PrecompiledWeb\localhost_55962\"
		Debug.AspNetCompiler.Updateable = "true"
		Debug.AspNetCompiler.ForceOverwrite = "true"
		Debug.AspNetCompiler.FixedNames = "false"
		Debug.AspNetCompiler.Debug = "True"
		Release.AspNetCompiler.VirtualPath = "/localhost_55962"
		Release.AspNetCompiler.PhysicalPath = "WEB_RedLaboral\"
		Release.AspNetCompiler.TargetPath = "PrecompiledWeb\localhost_55962\"
		Release.AspNetCompiler.Updateable = "true"
		Release.AspNetCompiler.ForceOverwrite = "true"
		Release.AspNetCompiler.FixedNames = "false"
		Release.AspNetCompiler.Debug = "False"
		VWDPort = "55962"
		SlnRelativePath = "WEB_RedLaboral\"
		DefaultWebSiteLanguage = "Visual C#"
	EndProjectSection
EndProject
Project("{2150E333-8FDC-42A3-9474-1A3956D46DE8}") = "SQL_RedLaboral", "SQL_RedLaboral", "{77746440-329E-4AD5-91F4-BF217423A8B5}"
	ProjectSection(SolutionItems) = preProject
		01_tables.sql = 01_tables.sql
		02_store_procedure.sql = 02_store_procedure.sql
		03_data.sql = 03_data.sql
	EndProjectSection
EndProject
Project("{FAE04EC0-301F-11D3-BF4B-00C04F79EFBC}") = "WCFServListLabo", "WCFServListLabo\WCFServListLabo.csproj", "{FDA6F604-42FA-400A-9777-3F64C483EC8D}"
EndProject
Global
	GlobalSection(SolutionConfigurationPlatforms) = preSolution
		Debug|Any CPU = Debug|Any CPU
		Release|Any CPU = Release|Any CPU
	EndGlobalSection
	GlobalSection(ProjectConfigurationPlatforms) = postSolution
		{3BCC7C3F-C1F7-4BE3-B102-380DB2094E25}.Debug|Any CPU.ActiveCfg = Debug|Any CPU
		{3BCC7C3F-C1F7-4BE3-B102-380DB2094E25}.Debug|Any CPU.Build.0 = Debug|Any CPU
		{3BCC7C3F-C1F7-4BE3-B102-380DB2094E25}.Release|Any CPU.ActiveCfg = Release|Any CPU
		{3BCC7C3F-C1F7-4BE3-B102-380DB2094E25}.Release|Any CPU.Build.0 = Release|Any CPU
		{A786E903-01A6-4357-BF3E-8ADE1B31FD66}.Debug|Any CPU.ActiveCfg = Debug|Any CPU
		{A786E903-01A6-4357-BF3E-8ADE1B31FD66}.Debug|Any CPU.Build.0 = Debug|Any CPU
		{A786E903-01A6-4357-BF3E-8ADE1B31FD66}.Release|Any CPU.ActiveCfg = Debug|Any CPU
		{A786E903-01A6-4357-BF3E-8ADE1B31FD66}.Release|Any CPU.Build.0 = Debug|Any CPU
		{FDA6F604-42FA-400A-9777-3F64C483EC8D}.Debug|Any CPU.ActiveCfg = Debug|Any CPU
		{FDA6F604-42FA-400A-9777-3F64C483EC8D}.Debug|Any CPU.Build.0 = Debug|Any CPU
		{FDA6F604-42FA-400A-9777-3F64C483EC8D}.Release|Any CPU.ActiveCfg = Release|Any CPU
		{FDA6F604-42FA-400A-9777-3F64C483EC8D}.Release|Any CPU.Build.0 = Release|Any CPU
	EndGlobalSection
	GlobalSection(SolutionProperties) = preSolution
		HideSolutionNode = FALSE
	EndGlobalSection
EndGlobal
